
Microsoft Visual Studio Solution File, Format Version 12.00
# Visual Studio Version 16
VisualStudioVersion = 16.0.810.23
MinimumVisualStudioVersion = 10.0.40219.1
Project("{FAE04EC0-301F-11D3-BF4B-00C04F79EFBC}") = "learnSeleniumSteam", "learnSeleniumSteam\learnSeleniumSteam.csproj", "{27066D10-C710-4D43-9B86-3A6C18F514FB}"
EndProject
Global
	GlobalSection(SolutionConfigurationPlatforms) = preSolution
		Debug|Any CPU = Debug|Any CPU
		Release|Any CPU = Release|Any CPU
	EndGlobalSection
	GlobalSection(ProjectConfigurationPlatforms) = postSolution
		{27066D10-C710-4D43-9B86-3A6C18F514FB}.Debug|Any CPU.ActiveCfg = Debug|Any CPU
		{27066D10-C710-4D43-9B86-3A6C18F514FB}.Debug|Any CPU.Build.0 = Debug|Any CPU
		{27066D10-C710-4D43-9B86-3A6C18F514FB}.Release|Any CPU.ActiveCfg = Release|Any CPU
		{27066D10-C710-4D43-9B86-3A6C18F514FB}.Release|Any CPU.Build.0 = Release|Any CPU
	EndGlobalSection
	GlobalSection(SolutionProperties) = preSolution
		HideSolutionNode = FALSE
	EndGlobalSection
	GlobalSection(ExtensibilityGlobals) = postSolution
		SolutionGuid = {51739293-BF25-4A33-A69A-EB70096F1799}
	EndGlobalSection
EndGlobal
